
Microsoft Visual Studio Solution File, Format Version 12.00
# Visual Studio Version 16
VisualStudioVersion = 16.0.31005.135
MinimumVisualStudioVersion = 10.0.40219.1
Project("{9A19103F-16F7-4668-BE54-9A1E7A4F7556}") = "Deliverable1", "Deliverable1\Deliverable1.csproj", "{EAB592EA-6180-4BCE-AC92-B7FE03122760}"
EndProject
Project("{FAE04EC0-301F-11D3-BF4B-00C04F79EFBC}") = "Deliverable2", "Deliverable2\Deliverable2.csproj", "{F2DA8F1E-93DA-47DE-BFC3-9C07CE9FA6A4}"
EndProject
Global
	GlobalSection(SolutionConfigurationPlatforms) = preSolution
		Debug|Any CPU = Debug|Any CPU
		Release|Any CPU = Release|Any CPU
	EndGlobalSection
	GlobalSection(ProjectConfigurationPlatforms) = postSolution
		{EAB592EA-6180-4BCE-AC92-B7FE03122760}.Debug|Any CPU.ActiveCfg = Debug|Any CPU
		{EAB592EA-6180-4BCE-AC92-B7FE03122760}.Debug|Any CPU.Build.0 = Debug|Any CPU
		{EAB592EA-6180-4BCE-AC92-B7FE03122760}.Release|Any CPU.ActiveCfg = Release|Any CPU
		{EAB592EA-6180-4BCE-AC92-B7FE03122760}.Release|Any CPU.Build.0 = Release|Any CPU
		{F2DA8F1E-93DA-47DE-BFC3-9C07CE9FA6A4}.Debug|Any CPU.ActiveCfg = Debug|Any CPU
		{F2DA8F1E-93DA-47DE-BFC3-9C07CE9FA6A4}.Debug|Any CPU.Build.0 = Debug|Any CPU
		{F2DA8F1E-93DA-47DE-BFC3-9C07CE9FA6A4}.Release|Any CPU.ActiveCfg = Release|Any CPU
		{F2DA8F1E-93DA-47DE-BFC3-9C07CE9FA6A4}.Release|Any CPU.Build.0 = Release|Any CPU
	EndGlobalSection
	GlobalSection(SolutionProperties) = preSolution
		HideSolutionNode = FALSE
	EndGlobalSection
	GlobalSection(ExtensibilityGlobals) = postSolution
		SolutionGuid = {3B551440-5AA4-474E-AF86-01DA08189091}
	EndGlobalSection
EndGlobal
