
Microsoft Visual Studio Solution File, Format Version 12.00
# Visual Studio Version 16
VisualStudioVersion = 16.0.31205.134
MinimumVisualStudioVersion = 10.0.40219.1
Project("{FAE04EC0-301F-11D3-BF4B-00C04F79EFBC}") = "ConsoleUI", "ConsoleUI\ConsoleUI.csproj", "{8A98D5B4-71D1-46CE-993F-07291D534B91}"
EndProject
Global
	GlobalSection(SolutionConfigurationPlatforms) = preSolution
		Debug|Any CPU = Debug|Any CPU
		Release|Any CPU = Release|Any CPU
	EndGlobalSection
	GlobalSection(ProjectConfigurationPlatforms) = postSolution
		{8A98D5B4-71D1-46CE-993F-07291D534B91}.Debug|Any CPU.ActiveCfg = Debug|Any CPU
		{8A98D5B4-71D1-46CE-993F-07291D534B91}.Debug|Any CPU.Build.0 = Debug|Any CPU
		{8A98D5B4-71D1-46CE-993F-07291D534B91}.Release|Any CPU.ActiveCfg = Release|Any CPU
		{8A98D5B4-71D1-46CE-993F-07291D534B91}.Release|Any CPU.Build.0 = Release|Any CPU
	EndGlobalSection
	GlobalSection(SolutionProperties) = preSolution
		HideSolutionNode = FALSE
	EndGlobalSection
	GlobalSection(ExtensibilityGlobals) = postSolution
		SolutionGuid = {CA3F2DF9-E40C-4175-90DC-1A31E785284A}
	EndGlobalSection
EndGlobal
