
Microsoft Visual Studio Solution File, Format Version 12.00
# Visual Studio Version 16
VisualStudioVersion = 16.0.31205.134
MinimumVisualStudioVersion = 10.0.40219.1
Project("{FAE04EC0-301F-11D3-BF4B-00C04F79EFBC}") = "CoffeeShop", "CoffeeShop\CoffeeShop.csproj", "{AB2E4BBC-E694-4FA3-9642-4864BE8EB4D3}"
EndProject
Global
	GlobalSection(SolutionConfigurationPlatforms) = preSolution
		Debug|Any CPU = Debug|Any CPU
		Release|Any CPU = Release|Any CPU
	EndGlobalSection
	GlobalSection(ProjectConfigurationPlatforms) = postSolution
		{AB2E4BBC-E694-4FA3-9642-4864BE8EB4D3}.Debug|Any CPU.ActiveCfg = Debug|Any CPU
		{AB2E4BBC-E694-4FA3-9642-4864BE8EB4D3}.Debug|Any CPU.Build.0 = Debug|Any CPU
		{AB2E4BBC-E694-4FA3-9642-4864BE8EB4D3}.Release|Any CPU.ActiveCfg = Release|Any CPU
		{AB2E4BBC-E694-4FA3-9642-4864BE8EB4D3}.Release|Any CPU.Build.0 = Release|Any CPU
	EndGlobalSection
	GlobalSection(SolutionProperties) = preSolution
		HideSolutionNode = FALSE
	EndGlobalSection
	GlobalSection(ExtensibilityGlobals) = postSolution
		SolutionGuid = {4408F5FE-46CA-4B22-9CD0-DFED9E875D74}
	EndGlobalSection
EndGlobal
